// !$*UTF8*$!
{
	archiveVersion = 1;
	classes = {
	};
	objectVersion = 46;
	objects = {

/* Begin PBXBuildFile section */
		5CCA859D1D75BD44009C2B6C /* AppDelegate.swift in Sources */ = {isa = PBXBuildFile; fileRef = 5CCA859C1D75BD44009C2B6C /* AppDelegate.swift */; };
		5CCA859F1D75BD44009C2B6C /* ViewController.swift in Sources */ = {isa = PBXBuildFile; fileRef = 5CCA859E1D75BD44009C2B6C /* ViewController.swift */; };
		5CCA85A21D75BD44009C2B6C /* Main.storyboard in Resources */ = {isa = PBXBuildFile; fileRef = 5CCA85A01D75BD44009C2B6C /* Main.storyboard */; };
		5CCA85A41D75BD45009C2B6C /* Assets.xcassets in Resources */ = {isa = PBXBuildFile; fileRef = 5CCA85A31D75BD45009C2B6C /* Assets.xcassets */; };
		5CCA85A71D75BD45009C2B6C /* LaunchScreen.storyboard in Resources */ = {isa = PBXBuildFile; fileRef = 5CCA85A51D75BD45009C2B6C /* LaunchScreen.storyboard */; };
		5CCA85B21D75BD45009C2B6C /* RGB_SlidersTests.swift in Sources */ = {isa = PBXBuildFile; fileRef = 5CCA85B11D75BD45009C2B6C /* RGB_SlidersTests.swift */; };
		5CCA85BD1D75BD45009C2B6C /* RGB_SlidersUITests.swift in Sources */ = {isa = PBXBuildFile; fileRef = 5CCA85BC1D75BD45009C2B6C /* RGB_SlidersUITests.swift */; };
/* End PBXBuildFile section */

/* Begin PBXContainerItemProxy section */
		5CCA85AE1D75BD45009C2B6C /* PBXContainerItemProxy */ = {
			isa = PBXContainerItemProxy;
			containerPortal = 5CCA85911D75BD44009C2B6C /* Project object */;
			proxyType = 1;
			remoteGlobalIDString = 5CCA85981D75BD44009C2B6C;
			remoteInfo = "RGB Sliders";
		};
		5CCA85B91D75BD45009C2B6C /* PBXContainerItemProxy */ = {
			isa = PBXContainerItemProxy;
			containerPortal = 5CCA85911D75BD44009C2B6C /* Project object */;
			proxyType = 1;
			remoteGlobalIDString = 5CCA85981D75BD44009C2B6C;
			remoteInfo = "RGB Sliders";
		};
/* End PBXContainerItemProxy section */

/* Begin PBXFileReference section */
		5CCA85991D75BD44009C2B6C /* RGB Sliders.app */ = {isa = PBXFileReference; explicitFileType = wrapper.application; includeInIndex = 0; path = "RGB Sliders.app"; sourceTree = BUILT_PRODUCTS_DIR; };
		5CCA859C1D75BD44009C2B6C /* AppDelegate.swift */ = {isa = PBXFileReference; lastKnownFileType = sourcecode.swift; path = AppDelegate.swift; sourceTree = "<group>"; };
		5CCA859E1D75BD44009C2B6C /* ViewController.swift */ = {isa = PBXFileReference; lastKnownFileType = sourcecode.swift; path = ViewController.swift; sourceTree = "<group>"; };
		5CCA85A11D75BD44009C2B6C /* Base */ = {isa = PBXFileReference; lastKnownFileType = file.storyboard; name = Base; path = Base.lproj/Main.storyboard; sourceTree = "<group>"; };
		5CCA85A31D75BD45009C2B6C /* Assets.xcassets */ = {isa = PBXFileReference; lastKnownFileType = folder.assetcatalog; path = Assets.xcassets; sourceTree = "<group>"; };
		5CCA85A61D75BD45009C2B6C /* Base */ = {isa = PBXFileReference; lastKnownFileType = file.storyboard; name = Base; path = Base.lproj/LaunchScreen.storyboard; sourceTree = "<group>"; };
		5CCA85A81D75BD45009C2B6C /* Info.plist */ = {isa = PBXFileReference; lastKnownFileType = text.plist.xml; path = Info.plist; sourceTree = "<group>"; };
		5CCA85AD1D75BD45009C2B6C /* RGB SlidersTests.xctest */ = {isa = PBXFileReference; explicitFileType = wrapper.cfbundle; includeInIndex = 0; path = "RGB SlidersTests.xctest"; sourceTree = BUILT_PRODUCTS_DIR; };
		5CCA85B11D75BD45009C2B6C /* RGB_SlidersTests.swift */ = {isa = PBXFileReference; lastKnownFileType = sourcecode.swift; path = RGB_SlidersTests.swift; sourceTree = "<group>"; };
		5CCA85B31D75BD45009C2B6C /* Info.plist */ = {isa = PBXFileReference; lastKnownFileType = text.plist.xml; path = Info.plist; sourceTree = "<group>"; };
		5CCA85B81D75BD45009C2B6C /* RGB SlidersUITests.xctest */ = {isa = PBXFileReference; explicitFileType = wrapper.cfbundle; includeInIndex = 0; path = "RGB SlidersUITests.xctest"; sourceTree = BUILT_PRODUCTS_DIR; };
		5CCA85BC1D75BD45009C2B6C /* RGB_SlidersUITests.swift */ = {isa = PBXFileReference; lastKnownFileType = sourcecode.swift; path = RGB_SlidersUITests.swift; sourceTree = "<group>"; };
		5CCA85BE1D75BD45009C2B6C /* Info.plist */ = {isa = PBXFileReference; lastKnownFileType = text.plist.xml; path = Info.plist; sourceTree = "<group>"; };
/* End PBXFileReference section */

/* Begin PBXFrameworksBuildPhase section */
		5CCA85961D75BD44009C2B6C /* Frameworks */ = {
			isa = PBXFrameworksBuildPhase;
			buildActionMask = 2147483647;
			files = (
			);
			runOnlyForDeploymentPostprocessing = 0;
		};
		5CCA85AA1D75BD45009C2B6C /* Frameworks */ = {
			isa = PBXFrameworksBuildPhase;
			buildActionMask = 2147483647;
			files = (
			);
			runOnlyForDeploymentPostprocessing = 0;
		};
		5CCA85B51D75BD45009C2B6C /* Frameworks */ = {
			isa = PBXFrameworksBuildPhase;
			buildActionMask = 2147483647;
			files = (
			);
			runOnlyForDeploymentPostprocessing = 0;
		};
/* End PBXFrameworksBuildPhase section */

/* Begin PBXGroup section */
		5CCA85901D75BD44009C2B6C = {
			isa = PBXGroup;
			children = (
				5CCA859B1D75BD44009C2B6C /* RGB Sliders */,
				5CCA85B01D75BD45009C2B6C /* RGB SlidersTests */,
				5CCA85BB1D75BD45009C2B6C /* RGB SlidersUITests */,
				5CCA859A1D75BD44009C2B6C /* Products */,
			);
			sourceTree = "<group>";
		};
		5CCA859A1D75BD44009C2B6C /* Products */ = {
			isa = PBXGroup;
			children = (
				5CCA85991D75BD44009C2B6C /* RGB Sliders.app */,
				5CCA85AD1D75BD45009C2B6C /* RGB SlidersTests.xctest */,
				5CCA85B81D75BD45009C2B6C /* RGB SlidersUITests.xctest */,
			);
			name = Products;
			sourceTree = "<group>";
		};
		5CCA859B1D75BD44009C2B6C /* RGB Sliders */ = {
			isa = PBXGroup;
			children = (
				5CCA859C1D75BD44009C2B6C /* AppDelegate.swift */,
				5CCA859E1D75BD44009C2B6C /* ViewController.swift */,
				5CCA85A01D75BD44009C2B6C /* Main.storyboard */,
				5CCA85A31D75BD45009C2B6C /* Assets.xcassets */,
				5CCA85A51D75BD45009C2B6C /* LaunchScreen.storyboard */,
				5CCA85A81D75BD45009C2B6C /* Info.plist */,
			);
			path = "RGB Sliders";
			sourceTree = "<group>";
		};
		5CCA85B01D75BD45009C2B6C /* RGB SlidersTests */ = {
			isa = PBXGroup;
			children = (
				5CCA85B11D75BD45009C2B6C /* RGB_SlidersTests.swift */,
				5CCA85B31D75BD45009C2B6C /* Info.plist */,
			);
			path = "RGB SlidersTests";
			sourceTree = "<group>";
		};
		5CCA85BB1D75BD45009C2B6C /* RGB SlidersUITests */ = {
			isa = PBXGroup;
			children = (
				5CCA85BC1D75BD45009C2B6C /* RGB_SlidersUITests.swift */,
				5CCA85BE1D75BD45009C2B6C /* Info.plist */,
			);
			path = "RGB SlidersUITests";
			sourceTree = "<group>";
		};
/* End PBXGroup section */

/* Begin PBXNativeTarget section */
		5CCA85981D75BD44009C2B6C /* RGB Sliders */ = {
			isa = PBXNativeTarget;
			buildConfigurationList = 5CCA85C11D75BD45009C2B6C /* Build configuration list for PBXNativeTarget "RGB Sliders" */;
			buildPhases = (
				5CCA85951D75BD44009C2B6C /* Sources */,
				5CCA85961D75BD44009C2B6C /* Frameworks */,
				5CCA85971D75BD44009C2B6C /* Resources */,
			);
			buildRules = (
			);
			dependencies = (
			);
			name = "RGB Sliders";
			productName = "RGB Sliders";
			productReference = 5CCA85991D75BD44009C2B6C /* RGB Sliders.app */;
			productType = "com.apple.product-type.application";
		};
		5CCA85AC1D75BD45009C2B6C /* RGB SlidersTests */ = {
			isa = PBXNativeTarget;
			buildConfigurationList = 5CCA85C41D75BD45009C2B6C /* Build configuration list for PBXNativeTarget "RGB SlidersTests" */;
			buildPhases = (
				5CCA85A91D75BD45009C2B6C /* Sources */,
				5CCA85AA1D75BD45009C2B6C /* Frameworks */,
				5CCA85AB1D75BD45009C2B6C /* Resources */,
			);
			buildRules = (
			);
			dependencies = (
				5CCA85AF1D75BD45009C2B6C /* PBXTargetDependency */,
			);
			name = "RGB SlidersTests";
			productName = "RGB SlidersTests";
			productReference = 5CCA85AD1D75BD45009C2B6C /* RGB SlidersTests.xctest */;
			productType = "com.apple.product-type.bundle.unit-test";
		};
		5CCA85B71D75BD45009C2B6C /* RGB SlidersUITests */ = {
			isa = PBXNativeTarget;
			buildConfigurationList = 5CCA85C71D75BD45009C2B6C /* Build configuration list for PBXNativeTarget "RGB SlidersUITests" */;
			buildPhases = (
				5CCA85B41D75BD45009C2B6C /* Sources */,
				5CCA85B51D75BD45009C2B6C /* Frameworks */,
				5CCA85B61D75BD45009C2B6C /* Resources */,
			);
			buildRules = (
			);
			dependencies = (
				5CCA85BA1D75BD45009C2B6C /* PBXTargetDependency */,
			);
			name = "RGB SlidersUITests";
			productName = "RGB SlidersUITests";
			productReference = 5CCA85B81D75BD45009C2B6C /* RGB SlidersUITests.xctest */;
			productType = "com.apple.product-type.bundle.ui-testing";
		};
/* End PBXNativeTarget section */

/* Begin PBXProject section */
		5CCA85911D75BD44009C2B6C /* Project object */ = {
			isa = PBXProject;
			attributes = {
				LastSwiftUpdateCheck = 0730;
				LastUpgradeCheck = 0730;
				ORGANIZATIONNAME = "Susan Hammons";
				TargetAttributes = {
					5CCA85981D75BD44009C2B6C = {
						CreatedOnToolsVersion = 7.3.1;
					};
					5CCA85AC1D75BD45009C2B6C = {
						CreatedOnToolsVersion = 7.3.1;
						TestTargetID = 5CCA85981D75BD44009C2B6C;
					};
					5CCA85B71D75BD45009C2B6C = {
						CreatedOnToolsVersion = 7.3.1;
						TestTargetID = 5CCA85981D75BD44009C2B6C;
					};
				};
			};
			buildConfigurationList = 5CCA85941D75BD44009C2B6C /* Build configuration list for PBXProject "RGB Sliders" */;
			compatibilityVersion = "Xcode 3.2";
			developmentRegion = English;
			hasScannedForEncodings = 0;
			knownRegions = (
				en,
				Base,
			);
			mainGroup = 5CCA85901D75BD44009C2B6C;
			productRefGroup = 5CCA859A1D75BD44009C2B6C /* Products */;
			projectDirPath = "";
			projectRoot = "";
			targets = (
				5CCA85981D75BD44009C2B6C /* RGB Sliders */,
				5CCA85AC1D75BD45009C2B6C /* RGB SlidersTests */,
				5CCA85B71D75BD45009C2B6C /* RGB SlidersUITests */,
			);
		};
/* End PBXProject section */

/* Begin PBXResourcesBuildPhase section */
		5CCA85971D75BD44009C2B6C /* Resources */ = {
			isa = PBXResourcesBuildPhase;
			buildActionMask = 2147483647;
			files = (
				5CCA85A71D75BD45009C2B6C /* LaunchScreen.storyboard in Resources */,
				5CCA85A41D75BD45009C2B6C /* Assets.xcassets in Resources */,
				5CCA85A21D75BD44009C2B6C /* Main.storyboard in Resources */,
			);
			runOnlyForDeploymentPostprocessing = 0;
		};
		5CCA85AB1D75BD45009C2B6C /* Resources */ = {
			isa = PBXResourcesBuildPhase;
			buildActionMask = 2147483647;
			files = (
			);
			runOnlyForDeploymentPostprocessing = 0;
		};
		5CCA85B61D75BD45009C2B6C /* Resources */ = {
			isa = PBXResourcesBuildPhase;
			buildActionMask = 2147483647;
			files = (
			);
			runOnlyForDeploymentPostprocessing = 0;
		};
/* End PBXResourcesBuildPhase section */

/* Begin PBXSourcesBuildPhase section */
		5CCA85951D75BD44009C2B6C /* Sources */ = {
			isa = PBXSourcesBuildPhase;
			buildActionMask = 2147483647;
			files = (
				5CCA859F1D75BD44009C2B6C /* ViewController.swift in Sources */,
				5CCA859D1D75BD44009C2B6C /* AppDelegate.swift in Sources */,
			);
			runOnlyForDeploymentPostprocessing = 0;
		};
		5CCA85A91D75BD45009C2B6C /* Sources */ = {
			isa = PBXSourcesBuildPhase;
			buildActionMask = 2147483647;
			files = (
				5CCA85B21D75BD45009C2B6C /* RGB_SlidersTests.swift in Sources */,
			);
			runOnlyForDeploymentPostprocessing = 0;
		};
		5CCA85B41D75BD45009C2B6C /* Sources */ = {
			isa = PBXSourcesBuildPhase;
			buildActionMask = 2147483647;
			files = (
				5CCA85BD1D75BD45009C2B6C /* RGB_SlidersUITests.swift in Sources */,
			);
			runOnlyForDeploymentPostprocessing = 0;
		};
/* End PBXSourcesBuildPhase section */

/* Begin PBXTargetDependency section */
		5CCA85AF1D75BD45009C2B6C /* PBXTargetDependency */ = {
			isa = PBXTargetDependency;
			target = 5CCA85981D75BD44009C2B6C /* RGB Sliders */;
			targetProxy = 5CCA85AE1D75BD45009C2B6C /* PBXContainerItemProxy */;
		};
		5CCA85BA1D75BD45009C2B6C /* PBXTargetDependency */ = {
			isa = PBXTargetDependency;
			target = 5CCA85981D75BD44009C2B6C /* RGB Sliders */;
			targetProxy = 5CCA85B91D75BD45009C2B6C /* PBXContainerItemProxy */;
		};
/* End PBXTargetDependency section */

/* Begin PBXVariantGroup section */
		5CCA85A01D75BD44009C2B6C /* Main.storyboard */ = {
			isa = PBXVariantGroup;
			children = (
				5CCA85A11D75BD44009C2B6C /* Base */,
			);
			name = Main.storyboard;
			sourceTree = "<group>";
		};
		5CCA85A51D75BD45009C2B6C /* LaunchScreen.storyboard */ = {
			isa = PBXVariantGroup;
			children = (
				5CCA85A61D75BD45009C2B6C /* Base */,
			);
			name = LaunchScreen.storyboard;
			sourceTree = "<group>";
		};
/* End PBXVariantGroup section */

/* Begin XCBuildConfiguration section */
		5CCA85BF1D75BD45009C2B6C /* Debug */ = {
			isa = XCBuildConfiguration;
			buildSettings = {
				ALWAYS_SEARCH_USER_PATHS = NO;
				CLANG_ANALYZER_NONNULL = YES;
				CLANG_CXX_LANGUAGE_STANDARD = "gnu++0x";
				CLANG_CXX_LIBRARY = "libc++";
				CLANG_ENABLE_MODULES = YES;
				CLANG_ENABLE_OBJC_ARC = YES;
				CLANG_WARN_BOOL_CONVERSION = YES;
				CLANG_WARN_CONSTANT_CONVERSION = YES;
				CLANG_WARN_DIRECT_OBJC_ISA_USAGE = YES_ERROR;
				CLANG_WARN_EMPTY_BODY = YES;
				CLANG_WARN_ENUM_CONVERSION = YES;
				CLANG_WARN_INT_CONVERSION = YES;
				CLANG_WARN_OBJC_ROOT_CLASS = YES_ERROR;
				CLANG_WARN_UNREACHABLE_CODE = YES;
				CLANG_WARN__DUPLICATE_METHOD_MATCH = YES;
				"CODE_SIGN_IDENTITY[sdk=iphoneos*]" = "iPhone Developer";
				COPY_PHASE_STRIP = NO;
				DEBUG_INFORMATION_FORMAT = dwarf;
				ENABLE_STRICT_OBJC_MSGSEND = YES;
				ENABLE_TESTABILITY = YES;
				GCC_C_LANGUAGE_STANDARD = gnu99;
				GCC_DYNAMIC_NO_PIC = NO;
				GCC_NO_COMMON_BLOCKS = YES;
				GCC_OPTIMIZATION_LEVEL = 0;
				GCC_PREPROCESSOR_DEFINITIONS = (
					"DEBUG=1",
					"$(inherited)",
				);
				GCC_WARN_64_TO_32_BIT_CONVERSION = YES;
				GCC_WARN_ABOUT_RETURN_TYPE = YES_ERROR;
				GCC_WARN_UNDECLARED_SELECTOR = YES;
				GCC_WARN_UNINITIALIZED_AUTOS = YES_AGGRESSIVE;
				GCC_WARN_UNUSED_FUNCTION = YES;
				GCC_WARN_UNUSED_VARIABLE = YES;
				IPHONEOS_DEPLOYMENT_TARGET = 9.3;
				MTL_ENABLE_DEBUG_INFO = YES;
				ONLY_ACTIVE_ARCH = YES;
				SDKROOT = iphoneos;
				SWIFT_OPTIMIZATION_LEVEL = "-Onone";
			};
			name = Debug;
		};
		5CCA85C01D75BD45009C2B6C /* Release */ = {
			isa = XCBuildConfiguration;
			buildSettings = {
				ALWAYS_SEARCH_USER_PATHS = NO;
				CLANG_ANALYZER_NONNULL = YES;
				CLANG_CXX_LANGUAGE_STANDARD = "gnu++0x";
				CLANG_CXX_LIBRARY = "libc++";
				CLANG_ENABLE_MODULES = YES;
				CLANG_ENABLE_OBJC_ARC = YES;
				CLANG_WARN_BOOL_CONVERSION = YES;
				CLANG_WARN_CONSTANT_CONVERSION = YES;
				CLANG_WARN_DIRECT_OBJC_ISA_USAGE = YES_ERROR;
				CLANG_WARN_EMPTY_BODY = YES;
				CLANG_WARN_ENUM_CONVERSION = YES;
				CLANG_WARN_INT_CONVERSION = YES;
				CLANG_WARN_OBJC_ROOT_CLASS = YES_ERROR;
				CLANG_WARN_UNREACHABLE_CODE = YES;
				CLANG_WARN__DUPLICATE_METHOD_MATCH = YES;
				"CODE_SIGN_IDENTITY[sdk=iphoneos*]" = "iPhone Developer";
				COPY_PHASE_STRIP = NO;
				DEBUG_INFORMATION_FORMAT = "dwarf-with-dsym";
				ENABLE_NS_ASSERTIONS = NO;
				ENABLE_STRICT_OBJC_MSGSEND = YES;
				GCC_C_LANGUAGE_STANDARD = gnu99;
				GCC_NO_COMMON_BLOCKS = YES;
				GCC_WARN_64_TO_32_BIT_CONVERSION = YES;
				GCC_WARN_ABOUT_RETURN_TYPE = YES_ERROR;
				GCC_WARN_UNDECLARED_SELECTOR = YES;
				GCC_WARN_UNINITIALIZED_AUTOS = YES_AGGRESSIVE;
				GCC_WARN_UNUSED_FUNCTION = YES;
				GCC_WARN_UNUSED_VARIABLE = YES;
				IPHONEOS_DEPLOYMENT_TARGET = 9.3;
				MTL_ENABLE_DEBUG_INFO = NO;
				SDKROOT = iphoneos;
				VALIDATE_PRODUCT = YES;
			};
			name = Release;
		};
		5CCA85C21D75BD45009C2B6C /* Debug */ = {
			isa = XCBuildConfiguration;
			buildSettings = {
				ASSETCATALOG_COMPILER_APPICON_NAME = AppIcon;
				INFOPLIST_FILE = "RGB Sliders/Info.plist";
				LD_RUNPATH_SEARCH_PATHS = "$(inherited) @executable_path/Frameworks";
				PRODUCT_BUNDLE_IDENTIFIER = "com.Biz2Me.RGB-Sliders";
				PRODUCT_NAME = "$(TARGET_NAME)";
			};
			name = Debug;
		};
		5CCA85C31D75BD45009C2B6C /* Release */ = {
			isa = XCBuildConfiguration;
			buildSettings = {
				ASSETCATALOG_COMPILER_APPICON_NAME = AppIcon;
				INFOPLIST_FILE = "RGB Sliders/Info.plist";
				LD_RUNPATH_SEARCH_PATHS = "$(inherited) @executable_path/Frameworks";
				PRODUCT_BUNDLE_IDENTIFIER = "com.Biz2Me.RGB-Sliders";
				PRODUCT_NAME = "$(TARGET_NAME)";
			};
			name = Release;
		};
		5CCA85C51D75BD45009C2B6C /* Debug */ = {
			isa = XCBuildConfiguration;
			buildSettings = {
				BUNDLE_LOADER = "$(TEST_HOST)";
				INFOPLIST_FILE = "RGB SlidersTests/Info.plist";
				LD_RUNPATH_SEARCH_PATHS = "$(inherited) @executable_path/Frameworks @loader_path/Frameworks";
				PRODUCT_BUNDLE_IDENTIFIER = "com.Biz2Me.RGB-SlidersTests";
				PRODUCT_NAME = "$(TARGET_NAME)";
				TEST_HOST = "$(BUILT_PRODUCTS_DIR)/RGB Sliders.app/RGB Sliders";
			};
			name = Debug;
		};
		5CCA85C61D75BD45009C2B6C /* Release */ = {
			isa = XCBuildConfiguration;
			buildSettings = {
				BUNDLE_LOADER = "$(TEST_HOST)";
				INFOPLIST_FILE = "RGB SlidersTests/Info.plist";
				LD_RUNPATH_SEARCH_PATHS = "$(inherited) @executable_path/Frameworks @loader_path/Frameworks";
				PRODUCT_BUNDLE_IDENTIFIER = "com.Biz2Me.RGB-SlidersTests";
				PRODUCT_NAME = "$(TARGET_NAME)";
				TEST_HOST = "$(BUILT_PRODUCTS_DIR)/RGB Sliders.app/RGB Sliders";
			};
			name = Release;
		};
		5CCA85C81D75BD45009C2B6C /* Debug */ = {
			isa = XCBuildConfiguration;
			buildSettings = {
				INFOPLIST_FILE = "RGB SlidersUITests/Info.plist";
				LD_RUNPATH_SEARCH_PATHS = "$(inherited) @executable_path/Frameworks @loader_path/Frameworks";
				PRODUCT_BUNDLE_IDENTIFIER = "com.Biz2Me.RGB-SlidersUITests";
				PRODUCT_NAME = "$(TARGET_NAME)";
				TEST_TARGET_NAME = "RGB Sliders";
			};
			name = Debug;
		};
		5CCA85C91D75BD45009C2B6C /* Release */ = {
			isa = XCBuildConfiguration;
			buildSettings = {
				INFOPLIST_FILE = "RGB SlidersUITests/Info.plist";
				LD_RUNPATH_SEARCH_PATHS = "$(inherited) @executable_path/Frameworks @loader_path/Frameworks";
				PRODUCT_BUNDLE_IDENTIFIER = "com.Biz2Me.RGB-SlidersUITests";
				PRODUCT_NAME = "$(TARGET_NAME)";
				TEST_TARGET_NAME = "RGB Sliders";
			};
			name = Release;
		};
/* End XCBuildConfiguration section */

/* Begin XCConfigurationList section */
		5CCA85941D75BD44009C2B6C /* Build configuration list for PBXProject "RGB Sliders" */ = {
			isa = XCConfigurationList;
			buildConfigurations = (
				5CCA85BF1D75BD45009C2B6C /* Debug */,
				5CCA85C01D75BD45009C2B6C /* Release */,
			);
			defaultConfigurationIsVisible = 0;
			defaultConfigurationName = Release;
		};
		5CCA85C11D75BD45009C2B6C /* Build configuration list for PBXNativeTarget "RGB Sliders" */ = {
			isa = XCConfigurationList;
			buildConfigurations = (
				5CCA85C21D75BD45009C2B6C /* Debug */,
				5CCA85C31D75BD45009C2B6C /* Release */,
			);
			defaultConfigurationIsVisible = 0;
		};
		5CCA85C41D75BD45009C2B6C /* Build configuration list for PBXNativeTarget "RGB SlidersTests" */ = {
			isa = XCConfigurationList;
			buildConfigurations = (
				5CCA85C51D75BD45009C2B6C /* Debug */,
				5CCA85C61D75BD45009C2B6C /* Release */,
			);
			defaultConfigurationIsVisible = 0;
		};
		5CCA85C71D75BD45009C2B6C /* Build configuration list for PBXNativeTarget "RGB SlidersUITests" */ = {
			isa = XCConfigurationList;
			buildConfigurations = (
				5CCA85C81D75BD45009C2B6C /* Debug */,
				5CCA85C91D75BD45009C2B6C /* Release */,
			);
			defaultConfigurationIsVisible = 0;
		};
/* End XCConfigurationList section */
	};
	rootObject = 5CCA85911D75BD44009C2B6C /* Project object */;
}
